<?xml version="1.0" encoding="utf-8"?>
<Project ToolsVersion="4.0" xmlns="http://schemas.microsoft.com/developer/msbuild/2003">
  <ItemGroup>
    <Filter Include="头文件">
      <UniqueIdentifier>{93995380-89BD-4b04-88EB-625FBE52EBFB}</UniqueIdentifier>
      <Extensions>h;hpp;hxx;hm;inl;inc;xsd</Extensions>
    </Filter>
    <Filter Include="资源文件">
      <UniqueIdentifier>{67DA6AB6-F800-4c08-8B7A-83BB121AAD01}</UniqueIdentifier>
      <Extensions>rc;ico;cur;bmp;dlg;rc2;rct;bin;rgs;gif;jpg;jpeg;jpe;resx;tiff;tif;png;wav;mfcribbon-ms</Extensions>
    </Filter>
    <Filter Include="frame">
      <UniqueIdentifier>{57cda6a4-661f-46b8-9ae9-1441afdc6132}</UniqueIdentifier>
    </Filter>
    <Filter Include="button">
      <UniqueIdentifier>{ef9873cd-469e-4661-b2ff-3534bc9ec868}</UniqueIdentifier>
    </Filter>
    <Filter Include="loader">
      <UniqueIdentifier>{e642b448-e3c4-496b-b977-9f3859074551}</UniqueIdentifier>
    </Filter>
    <Filter Include="checkbox">
      <UniqueIdentifier>{22102639-4330-45d4-afea-4eb151983aca}</UniqueIdentifier>
    </Filter>
    <Filter Include="menu">
      <UniqueIdentifier>{37c93b26-fd31-4f9b-81ea-d9ba43b2ab76}</UniqueIdentifier>
    </Filter>
    <Filter Include="progressbar">
      <UniqueIdentifier>{5796789a-07f3-43c4-9897-829ca6d6f06e}</UniqueIdentifier>
    </Filter>
    <Filter Include="radiobtn">
      <UniqueIdentifier>{1dee7dc1-4cd8-4069-b367-0cd7c43debe2}</UniqueIdentifier>
    </Filter>
    <Filter Include="static">
      <UniqueIdentifier>{35212dca-f979-44d0-bc0a-9bfaeee0454c}</UniqueIdentifier>
    </Filter>
    <Filter Include="dialog">
      <UniqueIdentifier>{8341bc0d-ecf6-4b17-a68d-ff1204e96086}</UniqueIdentifier>
    </Filter>
    <Filter Include="view">
      <UniqueIdentifier>{d0260b35-98c7-4827-a3fa-a5d6a9ad3ae6}</UniqueIdentifier>
    </Filter>
    <Filter Include="scrollwnd">
      <UniqueIdentifier>{dbaecfce-3e85-4528-b02c-6a5a1114b640}</UniqueIdentifier>
    </Filter>
    <Filter Include="scrollbar">
      <UniqueIdentifier>{9e7760b6-0ba1-4e32-806a-d62521f173aa}</UniqueIdentifier>
    </Filter>
    <Filter Include="listbox">
      <UniqueIdentifier>{51059826-9a3b-4cf2-bc1b-805fd007f99c}</UniqueIdentifier>
    </Filter>
    <Filter Include="tooltip">
      <UniqueIdentifier>{abd8020e-89a4-40c0-8822-78f2357d4bea}</UniqueIdentifier>
    </Filter>
    <Filter Include="tooltip\源文件">
      <UniqueIdentifier>{4FC737F1-C7A5-4376-A066-2A32D752A2FF}</UniqueIdentifier>
      <Extensions>cpp;c;cc;cxx;def;odl;idl;hpj;bat;asm;asmx</Extensions>
    </Filter>
    <Filter Include="splitter">
      <UniqueIdentifier>{ca0e164a-645f-4250-a97e-9077144b35b1}</UniqueIdentifier>
    </Filter>
    <Filter Include="treectrl">
      <UniqueIdentifier>{341f31f0-0eaf-4056-91ea-d943e09f1557}</UniqueIdentifier>
    </Filter>
    <Filter Include="taskEngine">
      <UniqueIdentifier>{f71c099d-64ae-4f2a-a8dc-8aa6ed5203e5}</UniqueIdentifier>
    </Filter>
  </ItemGroup>
  <ItemGroup>
    <None Include="ReadMe.txt" />
  </ItemGroup>
  <ItemGroup>
    <ClInclude Include="stdafx.h">
      <Filter>头文件</Filter>
    </ClInclude>
    <ClInclude Include="targetver.h">
      <Filter>头文件</Filter>
    </ClInclude>
    <ClInclude Include="inc\frame\YBCtrlBase.h">
      <Filter>frame</Filter>
    </ClInclude>
    <ClInclude Include="inc\button\YBButton.h">
      <Filter>button</Filter>
    </ClInclude>
    <ClInclude Include="inc\frame\YBCtrlEnvCfg.h">
      <Filter>frame</Filter>
    </ClInclude>
    <ClInclude Include="inc\frame\YBCtrlDefs.h">
      <Filter>frame</Filter>
    </ClInclude>
    <ClInclude Include="inc\loader\YBImageLoader.h">
      <Filter>loader</Filter>
    </ClInclude>
    <ClInclude Include="inc\button\YBButtonX.h">
      <Filter>button</Filter>
    </ClInclude>
    <ClInclude Include="inc\frame\YBCtrlMisc.h">
      <Filter>frame</Filter>
    </ClInclude>
    <ClInclude Include="inc\frame\YBCtrlImageStatic.h">
      <Filter>frame</Filter>
    </ClInclude>
    <ClInclude Include="inc\frame\YBCtrlImageGif.h">
      <Filter>frame</Filter>
    </ClInclude>
    <ClInclude Include="inc\frame\YBCtrlImageDepository.h">
      <Filter>frame</Filter>
    </ClInclude>
    <ClInclude Include="inc\frame\YBCtrlImageBase.h">
      <Filter>frame</Filter>
    </ClInclude>
    <ClInclude Include="inc\frame\YBCtrlMemDC.h">
      <Filter>frame</Filter>
    </ClInclude>
    <ClInclude Include="inc\frame\YBCtrlFontDepository.h">
      <Filter>frame</Filter>
    </ClInclude>
    <ClInclude Include="inc\checkbox\YBCheckBox.h">
      <Filter>checkbox</Filter>
    </ClInclude>
    <ClInclude Include="inc\progressbar\YBProgressBar.h">
      <Filter>progressbar</Filter>
    </ClInclude>
    <ClInclude Include="inc\radiobtn\YBRadioBtn.h">
      <Filter>radiobtn</Filter>
    </ClInclude>
    <ClInclude Include="inc\static\YBStatic.h">
      <Filter>static</Filter>
    </ClInclude>
    <ClInclude Include="inc\dialog\YBModalDialog.h">
      <Filter>dialog</Filter>
    </ClInclude>
    <ClInclude Include="inc\progressbar\YBProgressCtrl.h">
      <Filter>progressbar</Filter>
    </ClInclude>
    <ClInclude Include="inc\view\YBViewContentBase.h">
      <Filter>view</Filter>
    </ClInclude>
    <ClInclude Include="inc\view\YBViewInner.h">
      <Filter>view</Filter>
    </ClInclude>
    <ClInclude Include="inc\scrollwnd\YBScrollWnd.h">
      <Filter>scrollwnd</Filter>
    </ClInclude>
    <ClInclude Include="inc\scrollbar\YBNWScrollBar.h">
      <Filter>scrollbar</Filter>
    </ClInclude>
    <ClInclude Include="inc\scrollbar\YBScrollBar.h">
      <Filter>scrollbar</Filter>
    </ClInclude>
    <ClInclude Include="inc\dialog\YBChildModalDialog.h">
      <Filter>dialog</Filter>
    </ClInclude>
    <ClInclude Include="inc\listbox\YBLB4SB.h">
      <Filter>listbox</Filter>
    </ClInclude>
    <ClInclude Include="inc\menu\YBCtrlMenu.h">
      <Filter>menu</Filter>
    </ClInclude>
    <ClInclude Include="inc\menu\YBCtrlMenuItems.h">
      <Filter>menu</Filter>
    </ClInclude>
    <ClInclude Include="inc\tooltip\YBWin32ToolTip.h">
      <Filter>tooltip</Filter>
    </ClInclude>
    <ClInclude Include="inc\tooltip\YBToolTip.h">
      <Filter>tooltip</Filter>
    </ClInclude>
    <ClInclude Include="inc\splitter\YBSplitter.h">
      <Filter>splitter</Filter>
    </ClInclude>
    <ClInclude Include="inc\treectrl\YBTreeCtrl.h">
      <Filter>treectrl</Filter>
    </ClInclude>
    <ClInclude Include="inc\treectrl\YBNodeBase.h">
      <Filter>treectrl</Filter>
    </ClInclude>
    <ClInclude Include="inc\treectrl\YBNodeFolder.h">
      <Filter>treectrl</Filter>
    </ClInclude>
    <ClInclude Include="inc\treectrl\YBNodeLeaf.h">
      <Filter>treectrl</Filter>
    </ClInclude>
    <ClInclude Include="inc\treectrl\YBNodeRoot.h">
      <Filter>treectrl</Filter>
    </ClInclude>
    <ClInclude Include="inc\treectrl\YBTCViewContent.h">
      <Filter>treectrl</Filter>
    </ClInclude>
    <ClInclude Include="inc\frame\YBTSHelper.h">
      <Filter>头文件</Filter>
    </ClInclude>
    <ClInclude Include="inc\taskEngine\YBTaskEngine.h">
      <Filter>taskEngine</Filter>
    </ClInclude>
    <ClInclude Include="inc\frame\FuncPack.h">
      <Filter>frame</Filter>
    </ClInclude>
    <ClInclude Include="inc\frame\MemFuncPack.h">
      <Filter>frame</Filter>
    </ClInclude>
    <ClInclude Include="inc\frame\YBCtrlTask4Gif.h">
      <Filter>frame</Filter>
    </ClInclude>
  </ItemGroup>
  <ItemGroup>
    <ClCompile Include="stdafx.cpp">
      <Filter>tooltip\源文件</Filter>
    </ClCompile>
    <ClCompile Include="YBCtrl.cpp">
      <Filter>tooltip\源文件</Filter>
    </ClCompile>
    <ClCompile Include="dllmain.cpp">
      <Filter>tooltip\源文件</Filter>
    </ClCompile>
    <ClCompile Include="src\frame\YBCtrlBase.cpp">
      <Filter>frame</Filter>
    </ClCompile>
    <ClCompile Include="src\button\YBButton.cpp">
      <Filter>button</Filter>
    </ClCompile>
    <ClCompile Include="src\loader\YBImageLoader.cpp">
      <Filter>loader</Filter>
    </ClCompile>
    <ClCompile Include="src\button\YBButtonX.cpp">
      <Filter>button</Filter>
    </ClCompile>
    <ClCompile Include="src\frame\YBCtrlMisc.cpp">
      <Filter>frame</Filter>
    </ClCompile>
    <ClCompile Include="src\frame\YBCtrlImageStatic.cpp">
      <Filter>frame</Filter>
    </ClCompile>
    <ClCompile Include="src\frame\YBCtrlImageGif.cpp">
      <Filter>frame</Filter>
    </ClCompile>
    <ClCompile Include="src\frame\YBCtrlImageDepository.cpp">
      <Filter>frame</Filter>
    </ClCompile>
    <ClCompile Include="src\frame\YBCtrlMemDC.cpp">
      <Filter>frame</Filter>
    </ClCompile>
    <ClCompile Include="src\frame\YBCtrlFontDepository.cpp">
      <Filter>frame</Filter>
    </ClCompile>
    <ClCompile Include="src\checkbox\YBCheckBox.cpp">
      <Filter>checkbox</Filter>
    </ClCompile>
    <ClCompile Include="src\progressbar\YBProgressBar.cpp">
      <Filter>progressbar</Filter>
    </ClCompile>
    <ClCompile Include="src\radiobtn\YBRadioBtn.cpp">
      <Filter>radiobtn</Filter>
    </ClCompile>
    <ClCompile Include="src\static\YBStatic.cpp">
      <Filter>static</Filter>
    </ClCompile>
    <ClCompile Include="src\dialog\YBModalDialog.cpp">
      <Filter>dialog</Filter>
    </ClCompile>
    <ClCompile Include="src\progressbar\YBProgressCtrl.cpp">
      <Filter>progressbar</Filter>
    </ClCompile>
    <ClCompile Include="src\view\YBViewInner.cpp">
      <Filter>view</Filter>
    </ClCompile>
    <ClCompile Include="src\scrollbar\YBNWScrollBar.cpp">
      <Filter>scrollbar</Filter>
    </ClCompile>
    <ClCompile Include="src\scrollbar\YBScrollBar.cpp">
      <Filter>scrollbar</Filter>
    </ClCompile>
    <ClCompile Include="src\scrollwnd\YBScrollWnd.cpp">
      <Filter>scrollwnd</Filter>
    </ClCompile>
    <ClCompile Include="src\dialog\YBChildModalDialog.cpp">
      <Filter>dialog</Filter>
    </ClCompile>
    <ClCompile Include="src\listbox\YBLB4SB.cpp">
      <Filter>listbox</Filter>
    </ClCompile>
    <ClCompile Include="src\menu\YBCtrlMenu.cpp">
      <Filter>menu</Filter>
    </ClCompile>
    <ClCompile Include="src\menu\YBCtrlMenuItems.cpp">
      <Filter>menu</Filter>
    </ClCompile>
    <ClCompile Include="src\tooltip\YBWin32ToolTip.cpp">
      <Filter>tooltip</Filter>
    </ClCompile>
    <ClCompile Include="src\tooltip\YBToolTip.cpp">
      <Filter>tooltip</Filter>
    </ClCompile>
    <ClCompile Include="src\splitter\YBSplitter.cpp">
      <Filter>splitter</Filter>
    </ClCompile>
    <ClCompile Include="src\treectrl\YBTreeCtrl.cpp">
      <Filter>treectrl</Filter>
    </ClCompile>
    <ClCompile Include="src\treectrl\YBNodeBase.cpp">
      <Filter>treectrl</Filter>
    </ClCompile>
    <ClCompile Include="src\treectrl\YBNodeFolder.cpp">
      <Filter>treectrl</Filter>
    </ClCompile>
    <ClCompile Include="src\treectrl\YBNodeLeaf.cpp">
      <Filter>treectrl</Filter>
    </ClCompile>
    <ClCompile Include="src\treectrl\YBNodeRoot.cpp">
      <Filter>treectrl</Filter>
    </ClCompile>
    <ClCompile Include="src\treectrl\YBTCViewContent.cpp">
      <Filter>treectrl</Filter>
    </ClCompile>
    <ClCompile Include="src\frame\YBTSHelper.cpp">
      <Filter>tooltip\源文件</Filter>
    </ClCompile>
    <ClCompile Include="src\taskEngine\YBTaskEngine.cpp">
      <Filter>taskEngine</Filter>
    </ClCompile>
    <ClCompile Include="src\frame\YBCtrlTask4Gif.cpp">
      <Filter>frame</Filter>
    </ClCompile>
  </ItemGroup>
</Project>